// !$*UTF8*$!
{
	archiveVersion = 1;
	classes = {
	};
	objectVersion = 50;
	objects = {

/* Begin PBXBuildFile section */
		A43EBB2423A293B000EAB22E /* AppDelegate.swift in Sources */ = {isa = PBXBuildFile; fileRef = A43EBB2323A293B000EAB22E /* AppDelegate.swift */; };
		A43EBB2623A293B000EAB22E /* SceneDelegate.swift in Sources */ = {isa = PBXBuildFile; fileRef = A43EBB2523A293B000EAB22E /* SceneDelegate.swift */; };
		A43EBB2823A293B000EAB22E /* WelcomeVC.swift in Sources */ = {isa = PBXBuildFile; fileRef = A43EBB2723A293B000EAB22E /* WelcomeVC.swift */; };
		A43EBB2B23A293B000EAB22E /* Main.storyboard in Resources */ = {isa = PBXBuildFile; fileRef = A43EBB2923A293B000EAB22E /* Main.storyboard */; };
		A43EBB2D23A293B200EAB22E /* Assets.xcassets in Resources */ = {isa = PBXBuildFile; fileRef = A43EBB2C23A293B200EAB22E /* Assets.xcassets */; };
		A43EBB3023A293B200EAB22E /* LaunchScreen.storyboard in Resources */ = {isa = PBXBuildFile; fileRef = A43EBB2E23A293B200EAB22E /* LaunchScreen.storyboard */; };
		A43EBB3D23A29B4200EAB22E /* BorderButton.swift in Sources */ = {isa = PBXBuildFile; fileRef = A43EBB3C23A29B4200EAB22E /* BorderButton.swift */; };
		A455640B23A68B54007AE93F /* LeagueVC.swift in Sources */ = {isa = PBXBuildFile; fileRef = A455640A23A68B54007AE93F /* LeagueVC.swift */; };
		A455640D23A68B67007AE93F /* SkillVC.swift in Sources */ = {isa = PBXBuildFile; fileRef = A455640C23A68B67007AE93F /* SkillVC.swift */; };
/* End PBXBuildFile section */

/* Begin PBXFileReference section */
		A43EBB2023A293B000EAB22E /* app.swoosh.app */ = {isa = PBXFileReference; explicitFileType = wrapper.application; includeInIndex = 0; path = app.swoosh.app; sourceTree = BUILT_PRODUCTS_DIR; };
		A43EBB2323A293B000EAB22E /* AppDelegate.swift */ = {isa = PBXFileReference; lastKnownFileType = sourcecode.swift; path = AppDelegate.swift; sourceTree = "<group>"; };
		A43EBB2523A293B000EAB22E /* SceneDelegate.swift */ = {isa = PBXFileReference; lastKnownFileType = sourcecode.swift; path = SceneDelegate.swift; sourceTree = "<group>"; };
		A43EBB2723A293B000EAB22E /* WelcomeVC.swift */ = {isa = PBXFileReference; lastKnownFileType = sourcecode.swift; path = WelcomeVC.swift; sourceTree = "<group>"; };
		A43EBB2A23A293B000EAB22E /* Base */ = {isa = PBXFileReference; lastKnownFileType = file.storyboard; name = Base; path = Base.lproj/Main.storyboard; sourceTree = "<group>"; };
		A43EBB2C23A293B200EAB22E /* Assets.xcassets */ = {isa = PBXFileReference; lastKnownFileType = folder.assetcatalog; path = Assets.xcassets; sourceTree = "<group>"; };
		A43EBB2F23A293B200EAB22E /* Base */ = {isa = PBXFileReference; lastKnownFileType = file.storyboard; name = Base; path = Base.lproj/LaunchScreen.storyboard; sourceTree = "<group>"; };
		A43EBB3123A293B200EAB22E /* Info.plist */ = {isa = PBXFileReference; lastKnownFileType = text.plist.xml; path = Info.plist; sourceTree = "<group>"; };
		A43EBB3C23A29B4200EAB22E /* BorderButton.swift */ = {isa = PBXFileReference; lastKnownFileType = sourcecode.swift; path = BorderButton.swift; sourceTree = "<group>"; };
		A455640A23A68B54007AE93F /* LeagueVC.swift */ = {isa = PBXFileReference; lastKnownFileType = sourcecode.swift; path = LeagueVC.swift; sourceTree = "<group>"; };
		A455640C23A68B67007AE93F /* SkillVC.swift */ = {isa = PBXFileReference; lastKnownFileType = sourcecode.swift; path = SkillVC.swift; sourceTree = "<group>"; };
/* End PBXFileReference section */

/* Begin PBXFrameworksBuildPhase section */
		A43EBB1D23A293B000EAB22E /* Frameworks */ = {
			isa = PBXFrameworksBuildPhase;
			buildActionMask = 2147483647;
			files = (
			);
			runOnlyForDeploymentPostprocessing = 0;
		};
/* End PBXFrameworksBuildPhase section */

/* Begin PBXGroup section */
		A43EBB1723A293B000EAB22E = {
			isa = PBXGroup;
			children = (
				A43EBB2223A293B000EAB22E /* app.swoosh */,
				A43EBB2123A293B000EAB22E /* Products */,
			);
			sourceTree = "<group>";
		};
		A43EBB2123A293B000EAB22E /* Products */ = {
			isa = PBXGroup;
			children = (
				A43EBB2023A293B000EAB22E /* app.swoosh.app */,
			);
			name = Products;
			sourceTree = "<group>";
		};
		A43EBB2223A293B000EAB22E /* app.swoosh */ = {
			isa = PBXGroup;
			children = (
				A455640923A68A38007AE93F /* Model */,
				A455640823A68A31007AE93F /* Controller */,
				A43EBB3723A2977900EAB22E /* View */,
				A43EBB2323A293B000EAB22E /* AppDelegate.swift */,
				A43EBB2523A293B000EAB22E /* SceneDelegate.swift */,
				A43EBB2923A293B000EAB22E /* Main.storyboard */,
				A43EBB2C23A293B200EAB22E /* Assets.xcassets */,
				A43EBB2E23A293B200EAB22E /* LaunchScreen.storyboard */,
				A43EBB3123A293B200EAB22E /* Info.plist */,
			);
			path = app.swoosh;
			sourceTree = "<group>";
		};
		A43EBB3723A2977900EAB22E /* View */ = {
			isa = PBXGroup;
			children = (
				A43EBB3C23A29B4200EAB22E /* BorderButton.swift */,
			);
			path = View;
			sourceTree = "<group>";
		};
		A455640823A68A31007AE93F /* Controller */ = {
			isa = PBXGroup;
			children = (
				A43EBB2723A293B000EAB22E /* WelcomeVC.swift */,
				A455640A23A68B54007AE93F /* LeagueVC.swift */,
				A455640C23A68B67007AE93F /* SkillVC.swift */,
			);
			path = Controller;
			sourceTree = "<group>";
		};
		A455640923A68A38007AE93F /* Model */ = {
			isa = PBXGroup;
			children = (
			);
			path = Model;
			sourceTree = "<group>";
		};
/* End PBXGroup section */

/* Begin PBXNativeTarget section */
		A43EBB1F23A293B000EAB22E /* app.swoosh */ = {
			isa = PBXNativeTarget;
			buildConfigurationList = A43EBB3423A293B200EAB22E /* Build configuration list for PBXNativeTarget "app.swoosh" */;
			buildPhases = (
				A43EBB1C23A293B000EAB22E /* Sources */,
				A43EBB1D23A293B000EAB22E /* Frameworks */,
				A43EBB1E23A293B000EAB22E /* Resources */,
			);
			buildRules = (
			);
			dependencies = (
			);
			name = app.swoosh;
			productName = app.swoosh;
			productReference = A43EBB2023A293B000EAB22E /* app.swoosh.app */;
			productType = "com.apple.product-type.application";
		};
/* End PBXNativeTarget section */

/* Begin PBXProject section */
		A43EBB1823A293B000EAB22E /* Project object */ = {
			isa = PBXProject;
			attributes = {
				LastSwiftUpdateCheck = 1130;
				LastUpgradeCheck = 1130;
				ORGANIZATIONNAME = "Juan Luque";
				TargetAttributes = {
					A43EBB1F23A293B000EAB22E = {
						CreatedOnToolsVersion = 11.3;
					};
				};
			};
			buildConfigurationList = A43EBB1B23A293B000EAB22E /* Build configuration list for PBXProject "app.swoosh" */;
			compatibilityVersion = "Xcode 9.3";
			developmentRegion = en;
			hasScannedForEncodings = 0;
			knownRegions = (
				en,
				Base,
			);
			mainGroup = A43EBB1723A293B000EAB22E;
			productRefGroup = A43EBB2123A293B000EAB22E /* Products */;
			projectDirPath = "";
			projectRoot = "";
			targets = (
				A43EBB1F23A293B000EAB22E /* app.swoosh */,
			);
		};
/* End PBXProject section */

/* Begin PBXResourcesBuildPhase section */
		A43EBB1E23A293B000EAB22E /* Resources */ = {
			isa = PBXResourcesBuildPhase;
			buildActionMask = 2147483647;
			files = (
				A43EBB3023A293B200EAB22E /* LaunchScreen.storyboard in Resources */,
				A43EBB2D23A293B200EAB22E /* Assets.xcassets in Resources */,
				A43EBB2B23A293B000EAB22E /* Main.storyboard in Resources */,
			);
			runOnlyForDeploymentPostprocessing = 0;
		};
/* End PBXResourcesBuildPhase section */

/* Begin PBXSourcesBuildPhase section */
		A43EBB1C23A293B000EAB22E /* Sources */ = {
			isa = PBXSourcesBuildPhase;
			buildActionMask = 2147483647;
			files = (
				A455640B23A68B54007AE93F /* LeagueVC.swift in Sources */,
				A43EBB2823A293B000EAB22E /* WelcomeVC.swift in Sources */,
				A43EBB2423A293B000EAB22E /* AppDelegate.swift in Sources */,
				A43EBB2623A293B000EAB22E /* SceneDelegate.swift in Sources */,
				A455640D23A68B67007AE93F /* SkillVC.swift in Sources */,
				A43EBB3D23A29B4200EAB22E /* BorderButton.swift in Sources */,
			);
			runOnlyForDeploymentPostprocessing = 0;
		};
/* End PBXSourcesBuildPhase section */

/* Begin PBXVariantGroup section */
		A43EBB2923A293B000EAB22E /* Main.storyboard */ = {
			isa = PBXVariantGroup;
			children = (
				A43EBB2A23A293B000EAB22E /* Base */,
			);
			name = Main.storyboard;
			sourceTree = "<group>";
		};
		A43EBB2E23A293B200EAB22E /* LaunchScreen.storyboard */ = {
			isa = PBXVariantGroup;
			children = (
				A43EBB2F23A293B200EAB22E /* Base */,
			);
			name = LaunchScreen.storyboard;
			sourceTree = "<group>";
		};
/* End PBXVariantGroup section */

/* Begin XCBuildConfiguration section */
		A43EBB3223A293B200EAB22E /* Debug */ = {
			isa = XCBuildConfiguration;
			buildSettings = {
				ALWAYS_SEARCH_USER_PATHS = NO;
				CLANG_ANALYZER_NONNULL = YES;
				CLANG_ANALYZER_NUMBER_OBJECT_CONVERSION = YES_AGGRESSIVE;
				CLANG_CXX_LANGUAGE_STANDARD = "gnu++14";
				CLANG_CXX_LIBRARY = "libc++";
				CLANG_ENABLE_MODULES = YES;
				CLANG_ENABLE_OBJC_ARC = YES;
				CLANG_ENABLE_OBJC_WEAK = YES;
				CLANG_WARN_BLOCK_CAPTURE_AUTORELEASING = YES;
				CLANG_WARN_BOOL_CONVERSION = YES;
				CLANG_WARN_COMMA = YES;
				CLANG_WARN_CONSTANT_CONVERSION = YES;
				CLANG_WARN_DEPRECATED_OBJC_IMPLEMENTATIONS = YES;
				CLANG_WARN_DIRECT_OBJC_ISA_USAGE = YES_ERROR;
				CLANG_WARN_DOCUMENTATION_COMMENTS = YES;
				CLANG_WARN_EMPTY_BODY = YES;
				CLANG_WARN_ENUM_CONVERSION = YES;
				CLANG_WARN_INFINITE_RECURSION = YES;
				CLANG_WARN_INT_CONVERSION = YES;
				CLANG_WARN_NON_LITERAL_NULL_CONVERSION = YES;
				CLANG_WARN_OBJC_IMPLICIT_RETAIN_SELF = YES;
				CLANG_WARN_OBJC_LITERAL_CONVERSION = YES;
				CLANG_WARN_OBJC_ROOT_CLASS = YES_ERROR;
				CLANG_WARN_RANGE_LOOP_ANALYSIS = YES;
				CLANG_WARN_STRICT_PROTOTYPES = YES;
				CLANG_WARN_SUSPICIOUS_MOVE = YES;
				CLANG_WARN_UNGUARDED_AVAILABILITY = YES_AGGRESSIVE;
				CLANG_WARN_UNREACHABLE_CODE = YES;
				CLANG_WARN__DUPLICATE_METHOD_MATCH = YES;
				COPY_PHASE_STRIP = NO;
				DEBUG_INFORMATION_FORMAT = dwarf;
				ENABLE_STRICT_OBJC_MSGSEND = YES;
				ENABLE_TESTABILITY = YES;
				GCC_C_LANGUAGE_STANDARD = gnu11;
				GCC_DYNAMIC_NO_PIC = NO;
				GCC_NO_COMMON_BLOCKS = YES;
				GCC_OPTIMIZATION_LEVEL = 0;
				GCC_PREPROCESSOR_DEFINITIONS = (
					"DEBUG=1",
					"$(inherited)",
				);
				GCC_WARN_64_TO_32_BIT_CONVERSION = YES;
				GCC_WARN_ABOUT_RETURN_TYPE = YES_ERROR;
				GCC_WARN_UNDECLARED_SELECTOR = YES;
				GCC_WARN_UNINITIALIZED_AUTOS = YES_AGGRESSIVE;
				GCC_WARN_UNUSED_FUNCTION = YES;
				GCC_WARN_UNUSED_VARIABLE = YES;
				IPHONEOS_DEPLOYMENT_TARGET = 13.2;
				MTL_ENABLE_DEBUG_INFO = INCLUDE_SOURCE;
				MTL_FAST_MATH = YES;
				ONLY_ACTIVE_ARCH = YES;
				SDKROOT = iphoneos;
				SWIFT_ACTIVE_COMPILATION_CONDITIONS = DEBUG;
				SWIFT_OPTIMIZATION_LEVEL = "-Onone";
			};
			name = Debug;
		};
		A43EBB3323A293B200EAB22E /* Release */ = {
			isa = XCBuildConfiguration;
			buildSettings = {
				ALWAYS_SEARCH_USER_PATHS = NO;
				CLANG_ANALYZER_NONNULL = YES;
				CLANG_ANALYZER_NUMBER_OBJECT_CONVERSION = YES_AGGRESSIVE;
				CLANG_CXX_LANGUAGE_STANDARD = "gnu++14";
				CLANG_CXX_LIBRARY = "libc++";
				CLANG_ENABLE_MODULES = YES;
				CLANG_ENABLE_OBJC_ARC = YES;
				CLANG_ENABLE_OBJC_WEAK = YES;
				CLANG_WARN_BLOCK_CAPTURE_AUTORELEASING = YES;
				CLANG_WARN_BOOL_CONVERSION = YES;
				CLANG_WARN_COMMA = YES;
				CLANG_WARN_CONSTANT_CONVERSION = YES;
				CLANG_WARN_DEPRECATED_OBJC_IMPLEMENTATIONS = YES;
				CLANG_WARN_DIRECT_OBJC_ISA_USAGE = YES_ERROR;
				CLANG_WARN_DOCUMENTATION_COMMENTS = YES;
				CLANG_WARN_EMPTY_BODY = YES;
				CLANG_WARN_ENUM_CONVERSION = YES;
				CLANG_WARN_INFINITE_RECURSION = YES;
				CLANG_WARN_INT_CONVERSION = YES;
				CLANG_WARN_NON_LITERAL_NULL_CONVERSION = YES;
				CLANG_WARN_OBJC_IMPLICIT_RETAIN_SELF = YES;
				CLANG_WARN_OBJC_LITERAL_CONVERSION = YES;
				CLANG_WARN_OBJC_ROOT_CLASS = YES_ERROR;
				CLANG_WARN_RANGE_LOOP_ANALYSIS = YES;
				CLANG_WARN_STRICT_PROTOTYPES = YES;
				CLANG_WARN_SUSPICIOUS_MOVE = YES;
				CLANG_WARN_UNGUARDED_AVAILABILITY = YES_AGGRESSIVE;
				CLANG_WARN_UNREACHABLE_CODE = YES;
				CLANG_WARN__DUPLICATE_METHOD_MATCH = YES;
				COPY_PHASE_STRIP = NO;
				DEBUG_INFORMATION_FORMAT = "dwarf-with-dsym";
				ENABLE_NS_ASSERTIONS = NO;
				ENABLE_STRICT_OBJC_MSGSEND = YES;
				GCC_C_LANGUAGE_STANDARD = gnu11;
				GCC_NO_COMMON_BLOCKS = YES;
				GCC_WARN_64_TO_32_BIT_CONVERSION = YES;
				GCC_WARN_ABOUT_RETURN_TYPE = YES_ERROR;
				GCC_WARN_UNDECLARED_SELECTOR = YES;
				GCC_WARN_UNINITIALIZED_AUTOS = YES_AGGRESSIVE;
				GCC_WARN_UNUSED_FUNCTION = YES;
				GCC_WARN_UNUSED_VARIABLE = YES;
				IPHONEOS_DEPLOYMENT_TARGET = 13.2;
				MTL_ENABLE_DEBUG_INFO = NO;
				MTL_FAST_MATH = YES;
				SDKROOT = iphoneos;
				SWIFT_COMPILATION_MODE = wholemodule;
				SWIFT_OPTIMIZATION_LEVEL = "-O";
				VALIDATE_PRODUCT = YES;
			};
			name = Release;
		};
		A43EBB3523A293B200EAB22E /* Debug */ = {
			isa = XCBuildConfiguration;
			buildSettings = {
				ASSETCATALOG_COMPILER_APPICON_NAME = AppIcon;
				CODE_SIGN_STYLE = Automatic;
				DEVELOPMENT_TEAM = X25CAQ67TT;
				INFOPLIST_FILE = app.swoosh/Info.plist;
				LD_RUNPATH_SEARCH_PATHS = (
					"$(inherited)",
					"@executable_path/Frameworks",
				);
				PRODUCT_BUNDLE_IDENTIFIER = "com.example.app-swoosh";
				PRODUCT_NAME = "$(TARGET_NAME)";
				SWIFT_VERSION = 5.0;
				TARGETED_DEVICE_FAMILY = "1,2";
			};
			name = Debug;
		};
		A43EBB3623A293B200EAB22E /* Release */ = {
			isa = XCBuildConfiguration;
			buildSettings = {
				ASSETCATALOG_COMPILER_APPICON_NAME = AppIcon;
				CODE_SIGN_STYLE = Automatic;
				DEVELOPMENT_TEAM = X25CAQ67TT;
				INFOPLIST_FILE = app.swoosh/Info.plist;
				LD_RUNPATH_SEARCH_PATHS = (
					"$(inherited)",
					"@executable_path/Frameworks",
				);
				PRODUCT_BUNDLE_IDENTIFIER = "com.example.app-swoosh";
				PRODUCT_NAME = "$(TARGET_NAME)";
				SWIFT_VERSION = 5.0;
				TARGETED_DEVICE_FAMILY = "1,2";
			};
			name = Release;
		};
/* End XCBuildConfiguration section */

/* Begin XCConfigurationList section */
		A43EBB1B23A293B000EAB22E /* Build configuration list for PBXProject "app.swoosh" */ = {
			isa = XCConfigurationList;
			buildConfigurations = (
				A43EBB3223A293B200EAB22E /* Debug */,
				A43EBB3323A293B200EAB22E /* Release */,
			);
			defaultConfigurationIsVisible = 0;
			defaultConfigurationName = Release;
		};
		A43EBB3423A293B200EAB22E /* Build configuration list for PBXNativeTarget "app.swoosh" */ = {
			isa = XCConfigurationList;
			buildConfigurations = (
				A43EBB3523A293B200EAB22E /* Debug */,
				A43EBB3623A293B200EAB22E /* Release */,
			);
			defaultConfigurationIsVisible = 0;
			defaultConfigurationName = Release;
		};
/* End XCConfigurationList section */
	};
	rootObject = A43EBB1823A293B000EAB22E /* Project object */;
}
